
Microsoft Visual Studio Solution File, Format Version 12.00
# Visual Studio Version 16
VisualStudioVersion = 16.0.31613.86
MinimumVisualStudioVersion = 10.0.40219.1
Project("{FAE04EC0-301F-11D3-BF4B-00C04F79EFBC}") = "Exercicio_Calculo_Consumo_100km", "Exercicio_Calculo_Consumo_100km\Exercicio_Calculo_Consumo_100km.csproj", "{6406E1C5-7512-417C-A6FC-2FE1A0559B78}"
EndProject
Global
	GlobalSection(SolutionConfigurationPlatforms) = preSolution
		Debug|Any CPU = Debug|Any CPU
		Release|Any CPU = Release|Any CPU
	EndGlobalSection
	GlobalSection(ProjectConfigurationPlatforms) = postSolution
		{6406E1C5-7512-417C-A6FC-2FE1A0559B78}.Debug|Any CPU.ActiveCfg = Debug|Any CPU
		{6406E1C5-7512-417C-A6FC-2FE1A0559B78}.Debug|Any CPU.Build.0 = Debug|Any CPU
		{6406E1C5-7512-417C-A6FC-2FE1A0559B78}.Release|Any CPU.ActiveCfg = Release|Any CPU
		{6406E1C5-7512-417C-A6FC-2FE1A0559B78}.Release|Any CPU.Build.0 = Release|Any CPU
	EndGlobalSection
	GlobalSection(SolutionProperties) = preSolution
		HideSolutionNode = FALSE
	EndGlobalSection
	GlobalSection(ExtensibilityGlobals) = postSolution
		SolutionGuid = {B1B1804D-3D39-4582-8342-5EB380238F72}
	EndGlobalSection
EndGlobal
